
Microsoft Visual Studio Solution File, Format Version 12.00
Project("{FAE04EC0-301F-11D3-BF4B-00C04F79EFBC}") = "WebAPI.FlightsData", "WebAPI.FlightsData\WebAPI.FlightsData.csproj", "{3FFD7B36-D572-4067-8640-3301C120B998}"
EndProject
Global
	GlobalSection(SolutionConfigurationPlatforms) = preSolution
		Debug|Any CPU = Debug|Any CPU
		Release|Any CPU = Release|Any CPU
	EndGlobalSection
	GlobalSection(ProjectConfigurationPlatforms) = postSolution
		{3FFD7B36-D572-4067-8640-3301C120B998}.Debug|Any CPU.ActiveCfg = Debug|Any CPU
		{3FFD7B36-D572-4067-8640-3301C120B998}.Debug|Any CPU.Build.0 = Debug|Any CPU
		{3FFD7B36-D572-4067-8640-3301C120B998}.Release|Any CPU.ActiveCfg = Release|Any CPU
		{3FFD7B36-D572-4067-8640-3301C120B998}.Release|Any CPU.Build.0 = Release|Any CPU
	EndGlobalSection
EndGlobal
